{
  "name": "bug-the-filename-directory-name-or-volume-label-syntax-is-incorrect",
  "version": "1.0.0",
  "lockfileVersion": 2,
  "requires": true,
  "packages": {
    "": {
      "name": "bug-the-filename-directory-name-or-volume-label-syntax-is-incorrect",
      "version": "1.0.0",
      "license": "ISC"
    }
  }
}
